
Microsoft Visual Studio Solution File, Format Version 12.00
# Visual Studio 2012
Project("{FAE04EC0-301F-11D3-BF4B-00C04F79EFBC}") = "Dede.SignalR.SignalRBackplane.ServerHub", "Dede.SignalR.SignalRBackplane.ServerHub\Dede.SignalR.SignalRBackplane.ServerHub.csproj", "{73C127F7-9944-419D-92B8-311526C6AF90}"
EndProject
Project("{FAE04EC0-301F-11D3-BF4B-00C04F79EFBC}") = "Dede.SignalR.SignalRBackplane", "Dede.SignalR.SignalRBackplane\Dede.SignalR.SignalRBackplane.csproj", "{1DD13B19-FB7F-4A27-861C-88DBE0AE9E7C}"
EndProject
Project("{2150E333-8FDC-42A3-9474-1A3956D46DE8}") = "Demos", "Demos", "{850AE060-3165-4C31-9F01-CEDAC1419C11}"
EndProject
Project("{FAE04EC0-301F-11D3-BF4B-00C04F79EFBC}") = "Dede.SignalR.Web", "Dede.SignalR.Web\Dede.SignalR.Web.csproj", "{398A0210-29B0-4E28-8077-779C9EFD2C1E}"
EndProject
Project("{2150E333-8FDC-42A3-9474-1A3956D46DE8}") = ".nuget", ".nuget", "{B377C3E3-A19E-4090-8AA6-C7B4BF2EF2F4}"
	ProjectSection(SolutionItems) = preProject
		.nuget\NuGet.Config = .nuget\NuGet.Config
		.nuget\NuGet.exe = .nuget\NuGet.exe
		.nuget\NuGet.targets = .nuget\NuGet.targets
	EndProjectSection
EndProject
Project("{FAE04EC0-301F-11D3-BF4B-00C04F79EFBC}") = "Dede.SignalR.SimpleBackplane", "Dede.SignalR.SimpleBackplane\Dede.SignalR.SimpleBackplane.csproj", "{C7AC6E29-4DC6-4337-AF09-DB61C8159FA8}"
EndProject
Global
	GlobalSection(SolutionConfigurationPlatforms) = preSolution
		Debug|Any CPU = Debug|Any CPU
		Release|Any CPU = Release|Any CPU
	EndGlobalSection
	GlobalSection(ProjectConfigurationPlatforms) = postSolution
		{73C127F7-9944-419D-92B8-311526C6AF90}.Debug|Any CPU.ActiveCfg = Debug|Any CPU
		{73C127F7-9944-419D-92B8-311526C6AF90}.Debug|Any CPU.Build.0 = Debug|Any CPU
		{73C127F7-9944-419D-92B8-311526C6AF90}.Release|Any CPU.ActiveCfg = Release|Any CPU
		{73C127F7-9944-419D-92B8-311526C6AF90}.Release|Any CPU.Build.0 = Release|Any CPU
		{1DD13B19-FB7F-4A27-861C-88DBE0AE9E7C}.Debug|Any CPU.ActiveCfg = Debug|Any CPU
		{1DD13B19-FB7F-4A27-861C-88DBE0AE9E7C}.Debug|Any CPU.Build.0 = Debug|Any CPU
		{1DD13B19-FB7F-4A27-861C-88DBE0AE9E7C}.Release|Any CPU.ActiveCfg = Release|Any CPU
		{1DD13B19-FB7F-4A27-861C-88DBE0AE9E7C}.Release|Any CPU.Build.0 = Release|Any CPU
		{398A0210-29B0-4E28-8077-779C9EFD2C1E}.Debug|Any CPU.ActiveCfg = Debug|Any CPU
		{398A0210-29B0-4E28-8077-779C9EFD2C1E}.Debug|Any CPU.Build.0 = Debug|Any CPU
		{398A0210-29B0-4E28-8077-779C9EFD2C1E}.Release|Any CPU.ActiveCfg = Release|Any CPU
		{398A0210-29B0-4E28-8077-779C9EFD2C1E}.Release|Any CPU.Build.0 = Release|Any CPU
		{C7AC6E29-4DC6-4337-AF09-DB61C8159FA8}.Debug|Any CPU.ActiveCfg = Debug|Any CPU
		{C7AC6E29-4DC6-4337-AF09-DB61C8159FA8}.Debug|Any CPU.Build.0 = Debug|Any CPU
		{C7AC6E29-4DC6-4337-AF09-DB61C8159FA8}.Release|Any CPU.ActiveCfg = Release|Any CPU
		{C7AC6E29-4DC6-4337-AF09-DB61C8159FA8}.Release|Any CPU.Build.0 = Release|Any CPU
	EndGlobalSection
	GlobalSection(SolutionProperties) = preSolution
		HideSolutionNode = FALSE
	EndGlobalSection
	GlobalSection(NestedProjects) = preSolution
		{398A0210-29B0-4E28-8077-779C9EFD2C1E} = {850AE060-3165-4C31-9F01-CEDAC1419C11}
		{C7AC6E29-4DC6-4337-AF09-DB61C8159FA8} = {850AE060-3165-4C31-9F01-CEDAC1419C11}
	EndGlobalSection
EndGlobal
